
Microsoft Visual Studio Solution File, Format Version 12.00
# Visual Studio Version 16
VisualStudioVersion = 16.0.30503.244
MinimumVisualStudioVersion = 10.0.40219.1
Project("{2150E333-8FDC-42A3-9474-1A3956D46DE8}") = "1 - Services", "1 - Services", "{B109622A-1655-434E-8890-00F9AEB7B291}"
EndProject
Project("{2150E333-8FDC-42A3-9474-1A3956D46DE8}") = "2 - Application", "2 - Application", "{B6DE2901-9653-41A1-AE57-5DCC8DAC3D0C}"
EndProject
Project("{2150E333-8FDC-42A3-9474-1A3956D46DE8}") = "3 - Domain", "3 - Domain", "{B2BE4B1D-1DE6-4F2A-B441-B55F3D0D2280}"
EndProject
Project("{2150E333-8FDC-42A3-9474-1A3956D46DE8}") = "4 - Infra", "4 - Infra", "{81FA04F7-686C-4DCC-B7EF-B913A86BE5FB}"
EndProject
Project("{FAE04EC0-301F-11D3-BF4B-00C04F79EFBC}") = "CourtageCoin.Domain", "CourtageCoin.Domain\CourtageCoin.Domain.csproj", "{3EF32C3E-67D2-49C7-ADC1-CBCDF85101FE}"
EndProject
Project("{2150E333-8FDC-42A3-9474-1A3956D46DE8}") = "4.1 - CrossCutting", "4.1 - CrossCutting", "{777824AB-D816-4AAB-A4D2-B34092607BE7}"
EndProject
Project("{2150E333-8FDC-42A3-9474-1A3956D46DE8}") = "4.2 - Data", "4.2 - Data", "{5D8CAE2F-21A8-4F82-8C71-0C2D0A9B4823}"
EndProject
Project("{FAE04EC0-301F-11D3-BF4B-00C04F79EFBC}") = "CourtageCoin.Infra.Data", "CourtageCoin.Infra.Data\CourtageCoin.Infra.Data.csproj", "{78553291-5A3F-490B-8206-A9199AF220A7}"
EndProject
Project("{FAE04EC0-301F-11D3-BF4B-00C04F79EFBC}") = "CourtageCoin.Infra.CrossCutting", "CourtageCoin.Infra.CrossCutting\CourtageCoin.Infra.CrossCutting.csproj", "{16D8347C-B9EB-4880-86A8-0A850A348CF6}"
EndProject
Global
	GlobalSection(SolutionConfigurationPlatforms) = preSolution
		Debug|Any CPU = Debug|Any CPU
		Release|Any CPU = Release|Any CPU
	EndGlobalSection
	GlobalSection(ProjectConfigurationPlatforms) = postSolution
		{3EF32C3E-67D2-49C7-ADC1-CBCDF85101FE}.Debug|Any CPU.ActiveCfg = Debug|Any CPU
		{3EF32C3E-67D2-49C7-ADC1-CBCDF85101FE}.Debug|Any CPU.Build.0 = Debug|Any CPU
		{3EF32C3E-67D2-49C7-ADC1-CBCDF85101FE}.Release|Any CPU.ActiveCfg = Release|Any CPU
		{3EF32C3E-67D2-49C7-ADC1-CBCDF85101FE}.Release|Any CPU.Build.0 = Release|Any CPU
		{78553291-5A3F-490B-8206-A9199AF220A7}.Debug|Any CPU.ActiveCfg = Debug|Any CPU
		{78553291-5A3F-490B-8206-A9199AF220A7}.Debug|Any CPU.Build.0 = Debug|Any CPU
		{78553291-5A3F-490B-8206-A9199AF220A7}.Release|Any CPU.ActiveCfg = Release|Any CPU
		{78553291-5A3F-490B-8206-A9199AF220A7}.Release|Any CPU.Build.0 = Release|Any CPU
		{16D8347C-B9EB-4880-86A8-0A850A348CF6}.Debug|Any CPU.ActiveCfg = Debug|Any CPU
		{16D8347C-B9EB-4880-86A8-0A850A348CF6}.Debug|Any CPU.Build.0 = Debug|Any CPU
		{16D8347C-B9EB-4880-86A8-0A850A348CF6}.Release|Any CPU.ActiveCfg = Release|Any CPU
		{16D8347C-B9EB-4880-86A8-0A850A348CF6}.Release|Any CPU.Build.0 = Release|Any CPU
	EndGlobalSection
	GlobalSection(SolutionProperties) = preSolution
		HideSolutionNode = FALSE
	EndGlobalSection
	GlobalSection(NestedProjects) = preSolution
		{3EF32C3E-67D2-49C7-ADC1-CBCDF85101FE} = {B2BE4B1D-1DE6-4F2A-B441-B55F3D0D2280}
		{777824AB-D816-4AAB-A4D2-B34092607BE7} = {81FA04F7-686C-4DCC-B7EF-B913A86BE5FB}
		{5D8CAE2F-21A8-4F82-8C71-0C2D0A9B4823} = {81FA04F7-686C-4DCC-B7EF-B913A86BE5FB}
		{78553291-5A3F-490B-8206-A9199AF220A7} = {5D8CAE2F-21A8-4F82-8C71-0C2D0A9B4823}
		{16D8347C-B9EB-4880-86A8-0A850A348CF6} = {777824AB-D816-4AAB-A4D2-B34092607BE7}
	EndGlobalSection
	GlobalSection(ExtensibilityGlobals) = postSolution
		SolutionGuid = {56D17EA3-DD3E-4067-BF74-455061B3415A}
	EndGlobalSection
EndGlobal
