
Microsoft Visual Studio Solution File, Format Version 12.00
# Visual Studio Version 16
VisualStudioVersion = 16.0.30503.244
MinimumVisualStudioVersion = 10.0.40219.1
Project("{2150E333-8FDC-42A3-9474-1A3956D46DE8}") = "4 - Infra", "4 - Infra", "{D0FEB125-874C-47C3-A908-95559C9447D2}"
EndProject
Project("{2150E333-8FDC-42A3-9474-1A3956D46DE8}") = "3 - Domain", "3 - Domain", "{19232DFF-BF13-4A98-A6D7-C26470D00087}"
EndProject
Project("{2150E333-8FDC-42A3-9474-1A3956D46DE8}") = "2 - Services", "2 - Services", "{E8A8D9C0-D7CD-433D-A9B2-B4FAC8BDDF2F}"
EndProject
Project("{2150E333-8FDC-42A3-9474-1A3956D46DE8}") = "1 - Application", "1 - Application", "{9C6DC5C3-BE1A-421D-9AA0-2F87B246B192}"
EndProject
Project("{9A19103F-16F7-4668-BE54-9A1E7A4F7556}") = "CourtageCoin.Infra.Data", "CourtageCoin.Infra.Data\CourtageCoin.Infra.Data.csproj", "{06F13D66-7AB6-461A-A22C-B86B6F495E2E}"
EndProject
Project("{9A19103F-16F7-4668-BE54-9A1E7A4F7556}") = "CourtageCoin.Domain", "CourtageCoin.Domain\CourtageCoin.Domain.csproj", "{C0552EF7-5879-4661-80DD-5250217C8029}"
EndProject
Project("{2150E333-8FDC-42A3-9474-1A3956D46DE8}") = "4.2 - Data", "4.2 - Data", "{B17A8DA3-F1A4-4AA3-BCEA-21D690D596EC}"
EndProject
Project("{2150E333-8FDC-42A3-9474-1A3956D46DE8}") = "4.1 - CrossCutting", "4.1 - CrossCutting", "{AB9822A5-56FF-47A0-949C-EF3D677DB8D8}"
EndProject
Project("{9A19103F-16F7-4668-BE54-9A1E7A4F7556}") = "CourtageCoin.Infra.CrossCutting.IOC", "CourtageCoin.Infra.CrossCutting\CourtageCoin.Infra.CrossCutting.IOC.csproj", "{772A5234-4F07-463A-A0DC-99D5989F9940}"
EndProject
Project("{9A19103F-16F7-4668-BE54-9A1E7A4F7556}") = "CourtageCoin.Services", "CourtageCoin.Services\CourtageCoin.Services.csproj", "{FF3EC337-5DEB-40A6-A5D3-F5369E0FBD85}"
EndProject
Project("{9A19103F-16F7-4668-BE54-9A1E7A4F7556}") = "CourtageCoin.Application.Api", "CourtageCoin.Application.Api\CourtageCoin.Application.Api.csproj", "{85256B2F-AED9-4AF4-A92D-B42617889A1F}"
EndProject
Project("{9A19103F-16F7-4668-BE54-9A1E7A4F7556}") = "CourtageCoin.Services.DTO", "CourtageCoin.Services.DTO\CourtageCoin.Services.DTO.csproj", "{5AB45814-4D23-43FE-A779-069BED75C527}"
EndProject
Global
	GlobalSection(SolutionConfigurationPlatforms) = preSolution
		Debug|Any CPU = Debug|Any CPU
		Release|Any CPU = Release|Any CPU
	EndGlobalSection
	GlobalSection(ProjectConfigurationPlatforms) = postSolution
		{06F13D66-7AB6-461A-A22C-B86B6F495E2E}.Debug|Any CPU.ActiveCfg = Debug|Any CPU
		{06F13D66-7AB6-461A-A22C-B86B6F495E2E}.Debug|Any CPU.Build.0 = Debug|Any CPU
		{06F13D66-7AB6-461A-A22C-B86B6F495E2E}.Release|Any CPU.ActiveCfg = Release|Any CPU
		{06F13D66-7AB6-461A-A22C-B86B6F495E2E}.Release|Any CPU.Build.0 = Release|Any CPU
		{C0552EF7-5879-4661-80DD-5250217C8029}.Debug|Any CPU.ActiveCfg = Debug|Any CPU
		{C0552EF7-5879-4661-80DD-5250217C8029}.Debug|Any CPU.Build.0 = Debug|Any CPU
		{C0552EF7-5879-4661-80DD-5250217C8029}.Release|Any CPU.ActiveCfg = Release|Any CPU
		{C0552EF7-5879-4661-80DD-5250217C8029}.Release|Any CPU.Build.0 = Release|Any CPU
		{772A5234-4F07-463A-A0DC-99D5989F9940}.Debug|Any CPU.ActiveCfg = Debug|Any CPU
		{772A5234-4F07-463A-A0DC-99D5989F9940}.Debug|Any CPU.Build.0 = Debug|Any CPU
		{772A5234-4F07-463A-A0DC-99D5989F9940}.Release|Any CPU.ActiveCfg = Release|Any CPU
		{772A5234-4F07-463A-A0DC-99D5989F9940}.Release|Any CPU.Build.0 = Release|Any CPU
		{FF3EC337-5DEB-40A6-A5D3-F5369E0FBD85}.Debug|Any CPU.ActiveCfg = Debug|Any CPU
		{FF3EC337-5DEB-40A6-A5D3-F5369E0FBD85}.Debug|Any CPU.Build.0 = Debug|Any CPU
		{FF3EC337-5DEB-40A6-A5D3-F5369E0FBD85}.Release|Any CPU.ActiveCfg = Release|Any CPU
		{FF3EC337-5DEB-40A6-A5D3-F5369E0FBD85}.Release|Any CPU.Build.0 = Release|Any CPU
		{85256B2F-AED9-4AF4-A92D-B42617889A1F}.Debug|Any CPU.ActiveCfg = Debug|Any CPU
		{85256B2F-AED9-4AF4-A92D-B42617889A1F}.Debug|Any CPU.Build.0 = Debug|Any CPU
		{85256B2F-AED9-4AF4-A92D-B42617889A1F}.Release|Any CPU.ActiveCfg = Release|Any CPU
		{85256B2F-AED9-4AF4-A92D-B42617889A1F}.Release|Any CPU.Build.0 = Release|Any CPU
		{5AB45814-4D23-43FE-A779-069BED75C527}.Debug|Any CPU.ActiveCfg = Debug|Any CPU
		{5AB45814-4D23-43FE-A779-069BED75C527}.Debug|Any CPU.Build.0 = Debug|Any CPU
		{5AB45814-4D23-43FE-A779-069BED75C527}.Release|Any CPU.ActiveCfg = Release|Any CPU
		{5AB45814-4D23-43FE-A779-069BED75C527}.Release|Any CPU.Build.0 = Release|Any CPU
	EndGlobalSection
	GlobalSection(SolutionProperties) = preSolution
		HideSolutionNode = FALSE
	EndGlobalSection
	GlobalSection(NestedProjects) = preSolution
		{06F13D66-7AB6-461A-A22C-B86B6F495E2E} = {B17A8DA3-F1A4-4AA3-BCEA-21D690D596EC}
		{C0552EF7-5879-4661-80DD-5250217C8029} = {19232DFF-BF13-4A98-A6D7-C26470D00087}
		{B17A8DA3-F1A4-4AA3-BCEA-21D690D596EC} = {D0FEB125-874C-47C3-A908-95559C9447D2}
		{AB9822A5-56FF-47A0-949C-EF3D677DB8D8} = {D0FEB125-874C-47C3-A908-95559C9447D2}
		{772A5234-4F07-463A-A0DC-99D5989F9940} = {AB9822A5-56FF-47A0-949C-EF3D677DB8D8}
		{FF3EC337-5DEB-40A6-A5D3-F5369E0FBD85} = {E8A8D9C0-D7CD-433D-A9B2-B4FAC8BDDF2F}
		{85256B2F-AED9-4AF4-A92D-B42617889A1F} = {9C6DC5C3-BE1A-421D-9AA0-2F87B246B192}
		{5AB45814-4D23-43FE-A779-069BED75C527} = {E8A8D9C0-D7CD-433D-A9B2-B4FAC8BDDF2F}
	EndGlobalSection
	GlobalSection(ExtensibilityGlobals) = postSolution
		SolutionGuid = {7F66DCFF-7748-487C-8AE7-737EC5540863}
	EndGlobalSection
EndGlobal
